Microsoft Visual Studio Solution File, Format Version 11.00
# Visual Studio 2008

Project("{2EF358EF-84E3-4479-F834-1DF00416D1A0}") = "Fluxend", "Assembly-CSharp.csproj", "{A6520963-EDDA-1D82-18C4-3728C0DFDA7D}"
EndProject
Project("{2EF358EF-84E3-4479-F834-1DF00416D1A0}") = "Fluxend", "Assembly-CSharp-Editor.csproj", "{DDE9DFD8-2228-F680-743E-4B4A08874155}"
EndProject
Global
	GlobalSection(SolutionConfigurationPlatforms) = preSolution
		Debug|Any CPU = Debug|Any CPU
		Release|Any CPU = Release|Any CPU
	EndGlobalSection
	GlobalSection(ProjectConfigurationPlatforms) = postSolution
		{A6520963-EDDA-1D82-18C4-3728C0DFDA7D}.Debug|Any CPU.ActiveCfg = Debug|Any CPU
		{A6520963-EDDA-1D82-18C4-3728C0DFDA7D}.Debug|Any CPU.Build.0 = Debug|Any CPU
		{A6520963-EDDA-1D82-18C4-3728C0DFDA7D}.Release|Any CPU.ActiveCfg = Release|Any CPU
		{A6520963-EDDA-1D82-18C4-3728C0DFDA7D}.Release|Any CPU.Build.0 = Release|Any CPU
		{DDE9DFD8-2228-F680-743E-4B4A08874155}.Debug|Any CPU.ActiveCfg = Debug|Any CPU
		{DDE9DFD8-2228-F680-743E-4B4A08874155}.Debug|Any CPU.Build.0 = Debug|Any CPU
		{DDE9DFD8-2228-F680-743E-4B4A08874155}.Release|Any CPU.ActiveCfg = Release|Any CPU
		{DDE9DFD8-2228-F680-743E-4B4A08874155}.Release|Any CPU.Build.0 = Release|Any CPU
	EndGlobalSection
	GlobalSection(SolutionProperties) = preSolution
		HideSolutionNode = FALSE
	EndGlobalSection
	GlobalSection(MonoDevelopProperties) = preSolution
		StartupItem = Assembly-CSharp.csproj
	EndGlobalSection
EndGlobal
